
Microsoft Visual Studio Solution File, Format Version 11.00
# Visual Studio 2010
Project("{FAE04EC0-301F-11D3-BF4B-00C04F79EFBC}") = "DriveProxy", "DriveProxy\DriveProxy.csproj", "{56DC1846-3CEE-4A18-A24F-935562BC3471}"
	ProjectSection(ProjectDependencies) = postProject
		{66A9CFF0-0A42-42AC-B7A5-DB8F350DAF62} = {66A9CFF0-0A42-42AC-B7A5-DB8F350DAF62}
	EndProjectSection
EndProject
Project("{FAE04EC0-301F-11D3-BF4B-00C04F79EFBC}") = "DriveProxy.Service", "DriveProxy.Service\DriveProxy.Service.csproj", "{868B3F19-2E2A-4756-BF49-7D5D3DCEA46E}"
	ProjectSection(ProjectDependencies) = postProject
		{66A9CFF0-0A42-42AC-B7A5-DB8F350DAF62} = {66A9CFF0-0A42-42AC-B7A5-DB8F350DAF62}
	EndProjectSection
EndProject
Project("{FAE04EC0-301F-11D3-BF4B-00C04F79EFBC}") = "DriveProxy.Test", "DriveProxy.Test\DriveProxy.Test.csproj", "{3749AAA5-8C65-4387-B1A3-1FB63D2B8900}"
	ProjectSection(ProjectDependencies) = postProject
		{66A9CFF0-0A42-42AC-B7A5-DB8F350DAF62} = {66A9CFF0-0A42-42AC-B7A5-DB8F350DAF62}
	EndProjectSection
EndProject
Project("{930C7802-8A8C-48F9-8165-68863BCCD9DD}") = "DriveProxy.Installer", "DriveProxy.Installer\DriveProxy.Installer.wixproj", "{5A95A4ED-B60A-42DC-BB6F-AB0DCF18746B}"
	ProjectSection(ProjectDependencies) = postProject
		{56DC1846-3CEE-4A18-A24F-935562BC3471} = {56DC1846-3CEE-4A18-A24F-935562BC3471}
		{F5046E70-DE25-40FD-8F84-85F6478E6DE9} = {F5046E70-DE25-40FD-8F84-85F6478E6DE9}
		{DCFFB7EA-807E-45C6-A8E4-616A432C724E} = {DCFFB7EA-807E-45C6-A8E4-616A432C724E}
		{66A9CFF0-0A42-42AC-B7A5-DB8F350DAF62} = {66A9CFF0-0A42-42AC-B7A5-DB8F350DAF62}
	EndProjectSection
EndProject
Project("{FAE04EC0-301F-11D3-BF4B-00C04F79EFBC}") = "GlobalAssemblyBuilder", "GlobalAssemblyBuilder\GlobalAssemblyBuilder.csproj", "{66A9CFF0-0A42-42AC-B7A5-DB8F350DAF62}"
EndProject
Project("{2150E333-8FDC-42A3-9474-1A3956D46DE8}") = ".nuget", ".nuget", "{58BA62AE-96A9-4531-8910-EB3A61657C25}"
	ProjectSection(SolutionItems) = preProject
		.nuget\NuGet.Config = .nuget\NuGet.Config
		.nuget\NuGet.exe = .nuget\NuGet.exe
		.nuget\NuGet.targets = .nuget\NuGet.targets
	EndProjectSection
EndProject
Project("{FAE04EC0-301F-11D3-BF4B-00C04F79EFBC}") = "DriveProxy.Installer.CustomAction", "DriveProxy.Installer.CustomAction\DriveProxy.Installer.CustomAction.csproj", "{DCFFB7EA-807E-45C6-A8E4-616A432C724E}"
EndProject
Project("{7CF6DF6D-3B04-46F8-A40B-537D21BCA0B4}") = "DriveProxy.Documentation", "DriveProxy.Documentation\DriveProxy.Documentation.shfbproj", "{F5046E70-DE25-40FD-8F84-85F6478E6DE9}"
	ProjectSection(ProjectDependencies) = postProject
		{56DC1846-3CEE-4A18-A24F-935562BC3471} = {56DC1846-3CEE-4A18-A24F-935562BC3471}
	EndProjectSection
EndProject
Global
	GlobalSection(SolutionConfigurationPlatforms) = preSolution
		Debug|Any CPU = Debug|Any CPU
		Debug|Mixed Platforms = Debug|Mixed Platforms
		Debug|Win32 = Debug|Win32
		Debug|x64 = Debug|x64
		Debug|x86 = Debug|x86
		Release|Any CPU = Release|Any CPU
		Release|Mixed Platforms = Release|Mixed Platforms
		Release|Win32 = Release|Win32
		Release|x64 = Release|x64
		Release|x86 = Release|x86
	EndGlobalSection
	GlobalSection(ProjectConfigurationPlatforms) = postSolution
		{56DC1846-3CEE-4A18-A24F-935562BC3471}.Debug|Any CPU.ActiveCfg = Debug|Any CPU
		{56DC1846-3CEE-4A18-A24F-935562BC3471}.Debug|Any CPU.Build.0 = Debug|Any CPU
		{56DC1846-3CEE-4A18-A24F-935562BC3471}.Debug|Mixed Platforms.ActiveCfg = Debug|Any CPU
		{56DC1846-3CEE-4A18-A24F-935562BC3471}.Debug|Mixed Platforms.Build.0 = Debug|Any CPU
		{56DC1846-3CEE-4A18-A24F-935562BC3471}.Debug|Win32.ActiveCfg = Debug|Any CPU
		{56DC1846-3CEE-4A18-A24F-935562BC3471}.Debug|x64.ActiveCfg = Debug|Any CPU
		{56DC1846-3CEE-4A18-A24F-935562BC3471}.Debug|x86.ActiveCfg = Debug|Any CPU
		{56DC1846-3CEE-4A18-A24F-935562BC3471}.Release|Any CPU.ActiveCfg = Release|Any CPU
		{56DC1846-3CEE-4A18-A24F-935562BC3471}.Release|Any CPU.Build.0 = Release|Any CPU
		{56DC1846-3CEE-4A18-A24F-935562BC3471}.Release|Mixed Platforms.ActiveCfg = Release|Any CPU
		{56DC1846-3CEE-4A18-A24F-935562BC3471}.Release|Mixed Platforms.Build.0 = Release|Any CPU
		{56DC1846-3CEE-4A18-A24F-935562BC3471}.Release|Win32.ActiveCfg = Release|Any CPU
		{56DC1846-3CEE-4A18-A24F-935562BC3471}.Release|x64.ActiveCfg = Release|Any CPU
		{56DC1846-3CEE-4A18-A24F-935562BC3471}.Release|x86.ActiveCfg = Release|Any CPU
		{868B3F19-2E2A-4756-BF49-7D5D3DCEA46E}.Debug|Any CPU.ActiveCfg = Debug|x86
		{868B3F19-2E2A-4756-BF49-7D5D3DCEA46E}.Debug|Mixed Platforms.ActiveCfg = Debug|x86
		{868B3F19-2E2A-4756-BF49-7D5D3DCEA46E}.Debug|Mixed Platforms.Build.0 = Debug|x86
		{868B3F19-2E2A-4756-BF49-7D5D3DCEA46E}.Debug|Win32.ActiveCfg = Debug|x86
		{868B3F19-2E2A-4756-BF49-7D5D3DCEA46E}.Debug|x64.ActiveCfg = Debug|x86
		{868B3F19-2E2A-4756-BF49-7D5D3DCEA46E}.Debug|x86.ActiveCfg = Debug|x86
		{868B3F19-2E2A-4756-BF49-7D5D3DCEA46E}.Debug|x86.Build.0 = Debug|x86
		{868B3F19-2E2A-4756-BF49-7D5D3DCEA46E}.Release|Any CPU.ActiveCfg = Release|x86
		{868B3F19-2E2A-4756-BF49-7D5D3DCEA46E}.Release|Mixed Platforms.ActiveCfg = Release|x86
		{868B3F19-2E2A-4756-BF49-7D5D3DCEA46E}.Release|Mixed Platforms.Build.0 = Release|x86
		{868B3F19-2E2A-4756-BF49-7D5D3DCEA46E}.Release|Win32.ActiveCfg = Release|x86
		{868B3F19-2E2A-4756-BF49-7D5D3DCEA46E}.Release|x64.ActiveCfg = Release|x86
		{868B3F19-2E2A-4756-BF49-7D5D3DCEA46E}.Release|x86.ActiveCfg = Release|x86
		{868B3F19-2E2A-4756-BF49-7D5D3DCEA46E}.Release|x86.Build.0 = Release|x86
		{3749AAA5-8C65-4387-B1A3-1FB63D2B8900}.Debug|Any CPU.ActiveCfg = Debug|x86
		{3749AAA5-8C65-4387-B1A3-1FB63D2B8900}.Debug|Mixed Platforms.ActiveCfg = Debug|x86
		{3749AAA5-8C65-4387-B1A3-1FB63D2B8900}.Debug|Mixed Platforms.Build.0 = Debug|x86
		{3749AAA5-8C65-4387-B1A3-1FB63D2B8900}.Debug|Win32.ActiveCfg = Debug|x86
		{3749AAA5-8C65-4387-B1A3-1FB63D2B8900}.Debug|x64.ActiveCfg = Debug|x86
		{3749AAA5-8C65-4387-B1A3-1FB63D2B8900}.Debug|x86.ActiveCfg = Debug|x86
		{3749AAA5-8C65-4387-B1A3-1FB63D2B8900}.Debug|x86.Build.0 = Debug|x86
		{3749AAA5-8C65-4387-B1A3-1FB63D2B8900}.Release|Any CPU.ActiveCfg = Release|x86
		{3749AAA5-8C65-4387-B1A3-1FB63D2B8900}.Release|Mixed Platforms.ActiveCfg = Release|x86
		{3749AAA5-8C65-4387-B1A3-1FB63D2B8900}.Release|Mixed Platforms.Build.0 = Release|x86
		{3749AAA5-8C65-4387-B1A3-1FB63D2B8900}.Release|Win32.ActiveCfg = Release|x86
		{3749AAA5-8C65-4387-B1A3-1FB63D2B8900}.Release|x64.ActiveCfg = Release|x86
		{3749AAA5-8C65-4387-B1A3-1FB63D2B8900}.Release|x86.ActiveCfg = Release|x86
		{3749AAA5-8C65-4387-B1A3-1FB63D2B8900}.Release|x86.Build.0 = Release|x86
		{5A95A4ED-B60A-42DC-BB6F-AB0DCF18746B}.Debug|Any CPU.ActiveCfg = Debug|x86
		{5A95A4ED-B60A-42DC-BB6F-AB0DCF18746B}.Debug|Mixed Platforms.ActiveCfg = Debug|x86
		{5A95A4ED-B60A-42DC-BB6F-AB0DCF18746B}.Debug|Mixed Platforms.Build.0 = Debug|x86
		{5A95A4ED-B60A-42DC-BB6F-AB0DCF18746B}.Debug|Win32.ActiveCfg = Debug|x86
		{5A95A4ED-B60A-42DC-BB6F-AB0DCF18746B}.Debug|x64.ActiveCfg = Debug|x86
		{5A95A4ED-B60A-42DC-BB6F-AB0DCF18746B}.Debug|x86.ActiveCfg = Debug|x86
		{5A95A4ED-B60A-42DC-BB6F-AB0DCF18746B}.Debug|x86.Build.0 = Debug|x86
		{5A95A4ED-B60A-42DC-BB6F-AB0DCF18746B}.Release|Any CPU.ActiveCfg = Release|x86
		{5A95A4ED-B60A-42DC-BB6F-AB0DCF18746B}.Release|Mixed Platforms.ActiveCfg = Release|x86
		{5A95A4ED-B60A-42DC-BB6F-AB0DCF18746B}.Release|Mixed Platforms.Build.0 = Release|x86
		{5A95A4ED-B60A-42DC-BB6F-AB0DCF18746B}.Release|Win32.ActiveCfg = Release|x86
		{5A95A4ED-B60A-42DC-BB6F-AB0DCF18746B}.Release|x64.ActiveCfg = Release|x86
		{5A95A4ED-B60A-42DC-BB6F-AB0DCF18746B}.Release|x86.ActiveCfg = Release|x86
		{5A95A4ED-B60A-42DC-BB6F-AB0DCF18746B}.Release|x86.Build.0 = Release|x86
		{66A9CFF0-0A42-42AC-B7A5-DB8F350DAF62}.Debug|Any CPU.ActiveCfg = Debug|Any CPU
		{66A9CFF0-0A42-42AC-B7A5-DB8F350DAF62}.Debug|Any CPU.Build.0 = Debug|Any CPU
		{66A9CFF0-0A42-42AC-B7A5-DB8F350DAF62}.Debug|Mixed Platforms.ActiveCfg = Debug|Any CPU
		{66A9CFF0-0A42-42AC-B7A5-DB8F350DAF62}.Debug|Mixed Platforms.Build.0 = Debug|Any CPU
		{66A9CFF0-0A42-42AC-B7A5-DB8F350DAF62}.Debug|Win32.ActiveCfg = Debug|Any CPU
		{66A9CFF0-0A42-42AC-B7A5-DB8F350DAF62}.Debug|x64.ActiveCfg = Debug|Any CPU
		{66A9CFF0-0A42-42AC-B7A5-DB8F350DAF62}.Debug|x86.ActiveCfg = Debug|Any CPU
		{66A9CFF0-0A42-42AC-B7A5-DB8F350DAF62}.Release|Any CPU.ActiveCfg = Release|Any CPU
		{66A9CFF0-0A42-42AC-B7A5-DB8F350DAF62}.Release|Any CPU.Build.0 = Release|Any CPU
		{66A9CFF0-0A42-42AC-B7A5-DB8F350DAF62}.Release|Mixed Platforms.ActiveCfg = Release|Any CPU
		{66A9CFF0-0A42-42AC-B7A5-DB8F350DAF62}.Release|Mixed Platforms.Build.0 = Release|Any CPU
		{66A9CFF0-0A42-42AC-B7A5-DB8F350DAF62}.Release|Win32.ActiveCfg = Release|Any CPU
		{66A9CFF0-0A42-42AC-B7A5-DB8F350DAF62}.Release|x64.ActiveCfg = Release|Any CPU
		{66A9CFF0-0A42-42AC-B7A5-DB8F350DAF62}.Release|x86.ActiveCfg = Release|Any CPU
		{DCFFB7EA-807E-45C6-A8E4-616A432C724E}.Debug|Any CPU.ActiveCfg = Debug|x86
		{DCFFB7EA-807E-45C6-A8E4-616A432C724E}.Debug|Mixed Platforms.ActiveCfg = Debug|x86
		{DCFFB7EA-807E-45C6-A8E4-616A432C724E}.Debug|Mixed Platforms.Build.0 = Debug|x86
		{DCFFB7EA-807E-45C6-A8E4-616A432C724E}.Debug|Win32.ActiveCfg = Debug|x86
		{DCFFB7EA-807E-45C6-A8E4-616A432C724E}.Debug|x64.ActiveCfg = Debug|x86
		{DCFFB7EA-807E-45C6-A8E4-616A432C724E}.Debug|x86.ActiveCfg = Debug|x86
		{DCFFB7EA-807E-45C6-A8E4-616A432C724E}.Debug|x86.Build.0 = Debug|x86
		{DCFFB7EA-807E-45C6-A8E4-616A432C724E}.Release|Any CPU.ActiveCfg = Release|x86
		{DCFFB7EA-807E-45C6-A8E4-616A432C724E}.Release|Mixed Platforms.ActiveCfg = Release|x86
		{DCFFB7EA-807E-45C6-A8E4-616A432C724E}.Release|Mixed Platforms.Build.0 = Release|x86
		{DCFFB7EA-807E-45C6-A8E4-616A432C724E}.Release|Win32.ActiveCfg = Release|x86
		{DCFFB7EA-807E-45C6-A8E4-616A432C724E}.Release|x64.ActiveCfg = Release|x86
		{DCFFB7EA-807E-45C6-A8E4-616A432C724E}.Release|x86.ActiveCfg = Release|x86
		{DCFFB7EA-807E-45C6-A8E4-616A432C724E}.Release|x86.Build.0 = Release|x86
		{F5046E70-DE25-40FD-8F84-85F6478E6DE9}.Debug|Any CPU.ActiveCfg = Debug|Any CPU
		{F5046E70-DE25-40FD-8F84-85F6478E6DE9}.Debug|Any CPU.Build.0 = Debug|Any CPU
		{F5046E70-DE25-40FD-8F84-85F6478E6DE9}.Debug|Mixed Platforms.ActiveCfg = Debug|Any CPU
		{F5046E70-DE25-40FD-8F84-85F6478E6DE9}.Debug|Mixed Platforms.Build.0 = Debug|Any CPU
		{F5046E70-DE25-40FD-8F84-85F6478E6DE9}.Debug|Win32.ActiveCfg = Debug|Any CPU
		{F5046E70-DE25-40FD-8F84-85F6478E6DE9}.Debug|x64.ActiveCfg = Debug|Any CPU
		{F5046E70-DE25-40FD-8F84-85F6478E6DE9}.Debug|x86.ActiveCfg = Debug|Any CPU
		{F5046E70-DE25-40FD-8F84-85F6478E6DE9}.Release|Any CPU.ActiveCfg = Release|Any CPU
		{F5046E70-DE25-40FD-8F84-85F6478E6DE9}.Release|Any CPU.Build.0 = Release|Any CPU
		{F5046E70-DE25-40FD-8F84-85F6478E6DE9}.Release|Mixed Platforms.ActiveCfg = Release|Any CPU
		{F5046E70-DE25-40FD-8F84-85F6478E6DE9}.Release|Mixed Platforms.Build.0 = Release|Any CPU
		{F5046E70-DE25-40FD-8F84-85F6478E6DE9}.Release|Win32.ActiveCfg = Release|Any CPU
		{F5046E70-DE25-40FD-8F84-85F6478E6DE9}.Release|x64.ActiveCfg = Release|Any CPU
		{F5046E70-DE25-40FD-8F84-85F6478E6DE9}.Release|x86.ActiveCfg = Release|Any CPU
	EndGlobalSection
	GlobalSection(SolutionProperties) = preSolution
		HideSolutionNode = FALSE
	EndGlobalSection
EndGlobal
